
Microsoft Visual Studio Solution File, Format Version 12.00
# Visual Studio Version 16
VisualStudioVersion = 16.0.810.21
MinimumVisualStudioVersion = 10.0.40219.1
Project("{FAE04EC0-301F-11D3-BF4B-00C04F79EFBC}") = "RecipeBook3", "RecipeBook3\RecipeBook3.csproj", "{4A70D89B-0CD5-4FD0-8940-6BD03A6C073F}"
EndProject
Global
	GlobalSection(SolutionConfigurationPlatforms) = preSolution
		Debug|Any CPU = Debug|Any CPU
		Release|Any CPU = Release|Any CPU
	EndGlobalSection
	GlobalSection(ProjectConfigurationPlatforms) = postSolution
		{4A70D89B-0CD5-4FD0-8940-6BD03A6C073F}.Debug|Any CPU.ActiveCfg = Debug|Any CPU
		{4A70D89B-0CD5-4FD0-8940-6BD03A6C073F}.Debug|Any CPU.Build.0 = Debug|Any CPU
		{4A70D89B-0CD5-4FD0-8940-6BD03A6C073F}.Release|Any CPU.ActiveCfg = Release|Any CPU
		{4A70D89B-0CD5-4FD0-8940-6BD03A6C073F}.Release|Any CPU.Build.0 = Release|Any CPU
	EndGlobalSection
	GlobalSection(SolutionProperties) = preSolution
		HideSolutionNode = FALSE
	EndGlobalSection
	GlobalSection(ExtensibilityGlobals) = postSolution
		SolutionGuid = {0B539B1B-BD28-441F-AA87-1590E3F3145F}
	EndGlobalSection
EndGlobal
